<?xml version="1.0" encoding="utf-8"?>
<Project ToolsVersion="4.0" xmlns="http://schemas.microsoft.com/developer/msbuild/2003">
  <ItemGroup>
    <Filter Include="Source Files">
      <UniqueIdentifier>{4FC737F1-C7A5-4376-A066-2A32D752A2FF}</UniqueIdentifier>
      <Extensions>cpp;c;cc;cxx;c++;cppm;ixx;def;odl;idl;hpj;bat;asm;asmx</Extensions>
    </Filter>
    <Filter Include="Header Files">
      <UniqueIdentifier>{93995380-89BD-4b04-88EB-625FBE52EBFB}</UniqueIdentifier>
      <Extensions>h;hh;hpp;hxx;h++;hm;inl;inc;ipp;xsd</Extensions>
    </Filter>
    <Filter Include="Resource Files">
      <UniqueIdentifier>{67DA6AB6-F800-4c08-8B7A-83BB121AAD01}</UniqueIdentifier>
      <Extensions>rc;ico;cur;bmp;dlg;rc2;rct;bin;rgs;gif;jpg;jpeg;jpe;resx;tiff;tif;png;wav;mfcribbon-ms</Extensions>
    </Filter>
    <Filter Include="Source Files\NewFilter1">
      <UniqueIdentifier>{75830ef5-b050-4ab1-a392-00e904151fb6}</UniqueIdentifier>
    </Filter>
  </ItemGroup>
  <ItemGroup>
    <ClCompile Include="game_doodle_jump.cpp">
      <Filter>Source Files</Filter>
    </ClCompile>
  </ItemGroup>
  <ItemGroup>
    <ClInclude Include="components\CoordSystemR2.h">
      <Filter>Header Files</Filter>
    </ClInclude>
    <ClInclude Include="components\SizeR2.h">
      <Filter>Header Files</Filter>
    </ClInclude>
    <ClInclude Include="components\Speed.h">
      <Filter>Header Files</Filter>
    </ClInclude>
    <ClInclude Include="conf\AbilityConfiguration.h">
      <Filter>Header Files</Filter>
    </ClInclude>
    <ClInclude Include="conf\ConfigDeserializer.h">
      <Filter>Header Files</Filter>
    </ClInclude>
    <ClInclude Include="conf\ConfigurationLoader.h">
      <Filter>Header Files</Filter>
    </ClInclude>
    <ClInclude Include="conf\ConfigResolutionAdjuster.h">
      <Filter>Header Files</Filter>
    </ClInclude>
    <ClInclude Include="conf\DoodleConfiguration.h">
      <Filter>Header Files</Filter>
    </ClInclude>
    <ClInclude Include="conf\EnemyConfiguration.h">
      <Filter>Header Files</Filter>
    </ClInclude>
    <ClInclude Include="conf\PlatformConfiguration.h">
      <Filter>Header Files</Filter>
    </ClInclude>
    <ClInclude Include="conf\ProjectileConfiguration.h">
      <Filter>Header Files</Filter>
    </ClInclude>
    <ClInclude Include="entities\Ability.h">
      <Filter>Header Files</Filter>
    </ClInclude>
    <ClInclude Include="entities\BeyondBondaryMovingEntity.h">
      <Filter>Header Files</Filter>
    </ClInclude>
    <ClInclude Include="entities\DoodleObject.h">
      <Filter>Header Files</Filter>
    </ClInclude>
    <ClInclude Include="entities\EnemyObject.h">
      <Filter>Header Files</Filter>
    </ClInclude>
    <ClInclude Include="entities\ObjectEntitiesGenerator.h">
      <Filter>Header Files</Filter>
    </ClInclude>
    <ClInclude Include="entities\GameOverChecker.h">
      <Filter>Header Files</Filter>
    </ClInclude>
    <ClInclude Include="entities\PlatformObject.h">
      <Filter>Header Files</Filter>
    </ClInclude>
    <ClInclude Include="entities\ProjectileObject.h">
      <Filter>Header Files</Filter>
    </ClInclude>
    <ClInclude Include="entities\UserInputTracker.h">
      <Filter>Header Files</Filter>
    </ClInclude>
    <ClInclude Include="factories\EntitiesComponentFactory.h">
      <Filter>Header Files</Filter>
    </ClInclude>
    <ClInclude Include="factories\HoldersComponentFactory.h">
      <Filter>Header Files</Filter>
    </ClInclude>
    <ClInclude Include="factories\ManagersComponentFactory.h">
      <Filter>Header Files</Filter>
    </ClInclude>
    <ClInclude Include="factories\NodesFactory.h">
      <Filter>Header Files</Filter>
    </ClInclude>
    <ClInclude Include="factories\SharedComponentsFactory.h">
      <Filter>Header Files</Filter>
    </ClInclude>
    <ClInclude Include="holders\ConfigsHolder.h">
      <Filter>Header Files</Filter>
    </ClInclude>
    <ClInclude Include="holders\SharedComponentHolder.h">
      <Filter>Header Files</Filter>
    </ClInclude>
    <ClInclude Include="managers\EntityManagerComponent.h">
      <Filter>Header Files</Filter>
    </ClInclude>
    <ClInclude Include="managers\RemovingManagerComponent.h">
      <Filter>Header Files</Filter>
    </ClInclude>
    <ClInclude Include="managers\SystemManagerComponent.h">
      <Filter>Header Files</Filter>
    </ClInclude>
    <ClInclude Include="nodes\AbilityGeneratorNode.h">
      <Filter>Header Files</Filter>
    </ClInclude>
    <ClInclude Include="nodes\AbilityNode.h">
      <Filter>Header Files</Filter>
    </ClInclude>
    <ClInclude Include="nodes\BeyondBondaryMovingNode.h">
      <Filter>Header Files</Filter>
    </ClInclude>
    <ClInclude Include="nodes\ConstantXMoveNode.h">
      <Filter>Header Files</Filter>
    </ClInclude>
    <ClInclude Include="nodes\EnemyGeneratorNode.h">
      <Filter>Header Files</Filter>
    </ClInclude>
    <ClInclude Include="nodes\EnemyMovingNode.h">
      <Filter>Header Files</Filter>
    </ClInclude>
    <ClInclude Include="nodes\GameOverCheckerNode.h">
      <Filter>Header Files</Filter>
    </ClInclude>
    <ClInclude Include="nodes\GravitationNode.h">
      <Filter>Header Files</Filter>
    </ClInclude>
    <ClInclude Include="nodes\HeightMonitoringNode.h">
      <Filter>Header Files</Filter>
    </ClInclude>
    <ClInclude Include="nodes\JumpNode.h">
      <Filter>Header Files</Filter>
    </ClInclude>
    <ClInclude Include="nodes\JumpOnEnemyNode.h">
      <Filter>Header Files</Filter>
    </ClInclude>
    <ClInclude Include="nodes\MouseTrackNode.h">
      <Filter>Header Files</Filter>
    </ClInclude>
    <ClInclude Include="nodes\PickUpAbilityNode.h">
      <Filter>Header Files</Filter>
    </ClInclude>
    <ClInclude Include="nodes\PlatformGeneratorNode.h">
      <Filter>Header Files</Filter>
    </ClInclude>
    <ClInclude Include="nodes\PlatformMovingNode.h">
      <Filter>Header Files</Filter>
    </ClInclude>
    <ClInclude Include="nodes\PressedKeyTrackNode.h">
      <Filter>Header Files</Filter>
    </ClInclude>
    <ClInclude Include="nodes\PressedMouseButtonTrackNode.h">
      <Filter>Header Files</Filter>
    </ClInclude>
    <ClInclude Include="nodes\ProjectileGeneratorNode.h">
      <Filter>Header Files</Filter>
    </ClInclude>
    <ClInclude Include="nodes\ProjectileMovementNode.h">
      <Filter>Header Files</Filter>
    </ClInclude>
    <ClInclude Include="nodes\RenderNode.h">
      <Filter>Header Files</Filter>
    </ClInclude>
    <ClInclude Include="nodes\ShootingEnemyNode.h">
      <Filter>Header Files</Filter>
    </ClInclude>
    <ClInclude Include="systems\AbilityGeneratorSystem.h">
      <Filter>Header Files</Filter>
    </ClInclude>
    <ClInclude Include="systems\AbilitySystem.h">
      <Filter>Header Files</Filter>
    </ClInclude>
    <ClInclude Include="systems\BeyondBoundaryMovingSystem.h">
      <Filter>Header Files</Filter>
    </ClInclude>
    <ClInclude Include="systems\ConstantXMoveSystem.h">
      <Filter>Header Files</Filter>
    </ClInclude>
    <ClInclude Include="systems\EnemyGeneratorSystem.h">
      <Filter>Header Files</Filter>
    </ClInclude>
    <ClInclude Include="systems\EnemyMovingSystem.h">
      <Filter>Header Files</Filter>
    </ClInclude>
    <ClInclude Include="systems\GravitationSystem.h">
      <Filter>Header Files</Filter>
    </ClInclude>
    <ClInclude Include="systems\HeightMonitoringSystem.h">
      <Filter>Header Files</Filter>
    </ClInclude>
    <ClInclude Include="systems\InputSystem.h">
      <Filter>Header Files</Filter>
    </ClInclude>
    <ClInclude Include="systems\JumpOnEnemySystem.h">
      <Filter>Header Files</Filter>
    </ClInclude>
    <ClInclude Include="systems\JumpSystem.h">
      <Filter>Header Files</Filter>
    </ClInclude>
    <ClInclude Include="systems\MouseTrackSystem.h">
      <Filter>Header Files</Filter>
    </ClInclude>
    <ClInclude Include="systems\PickUpAbilitySystem.h">
      <Filter>Header Files</Filter>
    </ClInclude>
    <ClInclude Include="systems\PlatformGeneratorSystem.h">
      <Filter>Header Files</Filter>
    </ClInclude>
    <ClInclude Include="systems\PlatformMovingSystem.h">
      <Filter>Header Files</Filter>
    </ClInclude>
    <ClInclude Include="systems\PressedKeyTrackSystem.h">
      <Filter>Header Files</Filter>
    </ClInclude>
    <ClInclude Include="systems\PressedMouseButtonTrackSystem.h">
      <Filter>Header Files</Filter>
    </ClInclude>
    <ClInclude Include="systems\ProjectileGeneratorSystem.h">
      <Filter>Header Files</Filter>
    </ClInclude>
    <ClInclude Include="systems\ProjectileMovementSystem.h">
      <Filter>Header Files</Filter>
    </ClInclude>
    <ClInclude Include="systems\RenderSystem.h">
      <Filter>Header Files</Filter>
    </ClInclude>
    <ClInclude Include="systems\ShootingEnemySystem.h">
      <Filter>Header Files</Filter>
    </ClInclude>
    <ClInclude Include="systems\System.h">
      <Filter>Header Files</Filter>
    </ClInclude>
    <ClInclude Include="utilities\SFML\Graphics\BlendMode.hpp">
      <Filter>Header Files</Filter>
    </ClInclude>
    <ClInclude Include="utilities\SFML\Graphics\CircleShape.hpp">
      <Filter>Header Files</Filter>
    </ClInclude>
    <ClInclude Include="utilities\SFML\Graphics\Color.hpp">
      <Filter>Header Files</Filter>
    </ClInclude>
    <ClInclude Include="utilities\SFML\Graphics\ConvexShape.hpp">
      <Filter>Header Files</Filter>
    </ClInclude>
    <ClInclude Include="utilities\SFML\Graphics\Drawable.hpp">
      <Filter>Header Files</Filter>
    </ClInclude>
    <ClInclude Include="utilities\SFML\Graphics\Export.hpp">
      <Filter>Header Files</Filter>
    </ClInclude>
    <ClInclude Include="utilities\SFML\Graphics\Font.hpp">
      <Filter>Header Files</Filter>
    </ClInclude>
    <ClInclude Include="utilities\SFML\Graphics\Glsl.hpp">
      <Filter>Header Files</Filter>
    </ClInclude>
    <ClInclude Include="utilities\SFML\Graphics\Glyph.hpp">
      <Filter>Header Files</Filter>
    </ClInclude>
    <ClInclude Include="utilities\SFML\Graphics\Image.hpp">
      <Filter>Header Files</Filter>
    </ClInclude>
    <ClInclude Include="utilities\SFML\Graphics\PrimitiveType.hpp">
      <Filter>Header Files</Filter>
    </ClInclude>
    <ClInclude Include="utilities\SFML\Graphics\Rect.hpp">
      <Filter>Header Files</Filter>
    </ClInclude>
    <ClInclude Include="utilities\SFML\Graphics\RectangleShape.hpp">
      <Filter>Header Files</Filter>
    </ClInclude>
    <ClInclude Include="utilities\SFML\Graphics\RenderStates.hpp">
      <Filter>Header Files</Filter>
    </ClInclude>
    <ClInclude Include="utilities\SFML\Graphics\RenderTarget.hpp">
      <Filter>Header Files</Filter>
    </ClInclude>
    <ClInclude Include="utilities\SFML\Graphics\RenderTexture.hpp">
      <Filter>Header Files</Filter>
    </ClInclude>
    <ClInclude Include="utilities\SFML\Graphics\RenderWindow.hpp">
      <Filter>Header Files</Filter>
    </ClInclude>
    <ClInclude Include="utilities\SFML\Graphics\Shader.hpp">
      <Filter>Header Files</Filter>
    </ClInclude>
    <ClInclude Include="utilities\SFML\Graphics\Shape.hpp">
      <Filter>Header Files</Filter>
    </ClInclude>
    <ClInclude Include="utilities\SFML\Graphics\Sprite.hpp">
      <Filter>Header Files</Filter>
    </ClInclude>
    <ClInclude Include="utilities\SFML\Graphics\Text.hpp">
      <Filter>Header Files</Filter>
    </ClInclude>
    <ClInclude Include="utilities\SFML\Graphics\Texture.hpp">
      <Filter>Header Files</Filter>
    </ClInclude>
    <ClInclude Include="utilities\SFML\Graphics\Transform.hpp">
      <Filter>Header Files</Filter>
    </ClInclude>
    <ClInclude Include="utilities\SFML\Graphics\Transformable.hpp">
      <Filter>Header Files</Filter>
    </ClInclude>
    <ClInclude Include="utilities\SFML\Graphics\Vertex.hpp">
      <Filter>Header Files</Filter>
    </ClInclude>
    <ClInclude Include="utilities\SFML\Graphics\VertexArray.hpp">
      <Filter>Header Files</Filter>
    </ClInclude>
    <ClInclude Include="utilities\SFML\Graphics\VertexBuffer.hpp">
      <Filter>Header Files</Filter>
    </ClInclude>
    <ClInclude Include="utilities\SFML\Graphics\View.hpp">
      <Filter>Header Files</Filter>
    </ClInclude>
    <ClInclude Include="utilities\SFML\Graphics.hpp">
      <Filter>Header Files</Filter>
    </ClInclude>
    <ClInclude Include="utilities\Collider.h">
      <Filter>Header Files</Filter>
    </ClInclude>
    <ClInclude Include="utilities\PlatformConfig.h">
      <Filter>Header Files</Filter>
    </ClInclude>
    <ClInclude Include="utilities\RandomValueGenerator.h">
      <Filter>Header Files</Filter>
    </ClInclude>
    <ClInclude Include="utilities\AdapterScreenResolution.h">
      <Filter>Header Files</Filter>
    </ClInclude>
    <ClInclude Include="utilities\UUID.h">
      <Filter>Header Files</Filter>
    </ClInclude>
    <ClInclude Include="conf\BackgroundConfiguration.h">
      <Filter>Header Files</Filter>
    </ClInclude>
    <ClInclude Include="entities\BackgroundObject.h">
      <Filter>Header Files</Filter>
    </ClInclude>
  </ItemGroup>
  <ItemGroup>
    <None Include="utilities\SFML\Graphics\Glsl.inl">
      <Filter>Header Files</Filter>
    </None>
    <None Include="utilities\SFML\Graphics\Rect.inl">
      <Filter>Header Files</Filter>
    </None>
    <None Include="resources\conf\AbilityConfiguration.json" />
    <None Include="resources\conf\DoodleConfiguration.json" />
    <None Include="resources\conf\EnemyConfiguration.json" />
    <None Include="resources\conf\PlatformConfiguration.json" />
    <None Include="resources\conf\ProjectileConfiguration.json" />
    <None Include="resources\conf\BackgroundConfiguration.json" />
  </ItemGroup>
  <ItemGroup>
    <Image Include="resources\sprites\background.png">
      <Filter>Resource Files</Filter>
    </Image>
    <Image Include="resources\sprites\ability.png">
      <Filter>Resource Files</Filter>
    </Image>
    <Image Include="resources\sprites\doodle.png">
      <Filter>Resource Files</Filter>
    </Image>
    <Image Include="resources\sprites\enemy.png">
      <Filter>Resource Files</Filter>
    </Image>
    <Image Include="resources\sprites\platform.png">
      <Filter>Resource Files</Filter>
    </Image>
    <Image Include="resources\sprites\projectile.png">
      <Filter>Resource Files</Filter>
    </Image>
  </ItemGroup>
</Project>